// !$*UTF8*$!
{
	archiveVersion = 1;
	classes = {
	};
	objectVersion = 50;
	objects = {

/* Begin PBXBuildFile section */
		C40FAFA7242FEC6D0084BB16 /* GenericWithImage.swift in Sources */ = {isa = PBXBuildFile; fileRef = C40FAFA6242FEC6D0084BB16 /* GenericWithImage.swift */; };
		C4142A3E242D4C0900FBDB02 /* LoginTextField.swift in Sources */ = {isa = PBXBuildFile; fileRef = C4142A3D242D4C0900FBDB02 /* LoginTextField.swift */; };
		C457F8E5242C346000E64A12 /* Button.swift in Sources */ = {isa = PBXBuildFile; fileRef = C457F8E4242C346000E64A12 /* Button.swift */; };
		C49DA892242C76E300DBBD38 /* Rounder.swift in Sources */ = {isa = PBXBuildFile; fileRef = C49DA891242C76E300DBBD38 /* Rounder.swift */; };
		C49DA894242C795700DBBD38 /* UIView.swift in Sources */ = {isa = PBXBuildFile; fileRef = C49DA893242C795700DBBD38 /* UIView.swift */; };
		C4BEF1AA242C3CD700F79A75 /* CognitoUserPoolViewController.swift in Sources */ = {isa = PBXBuildFile; fileRef = C4BEF1A7242C3CD700F79A75 /* CognitoUserPoolViewController.swift */; };
		C4BEF1AB242C3CD700F79A75 /* SocialIdentityManager.swift in Sources */ = {isa = PBXBuildFile; fileRef = C4BEF1A8242C3CD700F79A75 /* SocialIdentityManager.swift */; };
		C4BEF1AC242C3CD700F79A75 /* CognitoIdentityPoolController.swift in Sources */ = {isa = PBXBuildFile; fileRef = C4BEF1A9242C3CD700F79A75 /* CognitoIdentityPoolController.swift */; };
		C4BEF1AE242C3CF400F79A75 /* DynamoDBController.swift in Sources */ = {isa = PBXBuildFile; fileRef = C4BEF1AD242C3CF400F79A75 /* DynamoDBController.swift */; };
		C4BEF1B0242C3D2A00F79A75 /* AddFriendViewController.swift in Sources */ = {isa = PBXBuildFile; fileRef = C4BEF1AF242C3D2A00F79A75 /* AddFriendViewController.swift */; };
		C4BEF1B3242C3E3700F79A75 /* SignupViewController.swift in Sources */ = {isa = PBXBuildFile; fileRef = C4BEF1B1242C3E3700F79A75 /* SignupViewController.swift */; };
		C4BEF1B4242C3E3700F79A75 /* LoginViewController.swift in Sources */ = {isa = PBXBuildFile; fileRef = C4BEF1B2242C3E3700F79A75 /* LoginViewController.swift */; };
		C4BEF1B6242C3E6C00F79A75 /* UploadImageViewController.swift in Sources */ = {isa = PBXBuildFile; fileRef = C4BEF1B5242C3E6C00F79A75 /* UploadImageViewController.swift */; };
		C4BEF1B8242C3EF100F79A75 /* S3Controller.swift in Sources */ = {isa = PBXBuildFile; fileRef = C4BEF1B7242C3EF100F79A75 /* S3Controller.swift */; };
		C4F869B7242EA11F00C92634 /* Balloon.swift in Sources */ = {isa = PBXBuildFile; fileRef = C4F869B6242EA11F00C92634 /* Balloon.swift */; };
		C4F869B9242F1AFD00C92634 /* Circle.swift in Sources */ = {isa = PBXBuildFile; fileRef = C4F869B8242F1AFD00C92634 /* Circle.swift */; };
		D0199994223573BB00233500 /* Friend.swift in Sources */ = {isa = PBXBuildFile; fileRef = D0199993223573BB00233500 /* Friend.swift */; };
		D0199999223574DE00233500 /* Chat.swift in Sources */ = {isa = PBXBuildFile; fileRef = D0199998223574DE00233500 /* Chat.swift */; };
		D019999C2235775400233500 /* Message.swift in Sources */ = {isa = PBXBuildFile; fileRef = D019999B2235775400233500 /* Message.swift */; };
		D019999E22357A5D00233500 /* ChatManager.swift in Sources */ = {isa = PBXBuildFile; fileRef = D019999D22357A5D00233500 /* ChatManager.swift */; };
		D0340A07224959C1007D472C /* ChatViewController.swift in Sources */ = {isa = PBXBuildFile; fileRef = D0340A06224959C1007D472C /* ChatViewController.swift */; };
		D03C9F5722499B5400DB4072 /* ReceivedImageTableViewCell.swift in Sources */ = {isa = PBXBuildFile; fileRef = D03C9F5322499B5200DB4072 /* ReceivedImageTableViewCell.swift */; };
		D03C9F5822499B5400DB4072 /* SentImageTableViewCell.swift in Sources */ = {isa = PBXBuildFile; fileRef = D03C9F5422499B5200DB4072 /* SentImageTableViewCell.swift */; };
		D03C9F5922499B5400DB4072 /* ReceivedTextTableViewCell.swift in Sources */ = {isa = PBXBuildFile; fileRef = D03C9F5522499B5300DB4072 /* ReceivedTextTableViewCell.swift */; };
		D03C9F5A22499B5400DB4072 /* SentTextTableViewCell.swift in Sources */ = {isa = PBXBuildFile; fileRef = D03C9F5622499B5400DB4072 /* SentTextTableViewCell.swift */; };
		D0421CFB223CB1CB00A9033E /* FriendTableViewCell.swift in Sources */ = {isa = PBXBuildFile; fileRef = D0421CFA223CB1CB00A9033E /* FriendTableViewCell.swift */; };
		D044144722442EF100164D2D /* AWSS3.framework in Frameworks */ = {isa = PBXBuildFile; fileRef = D044144622442EF000164D2D /* AWSS3.framework */; };
		D044144822442EF100164D2D /* AWSS3.framework in Embed Frameworks */ = {isa = PBXBuildFile; fileRef = D044144622442EF000164D2D /* AWSS3.framework */; settings = {ATTRIBUTES = (CodeSignOnCopy, RemoveHeadersOnCopy, ); }; };
		D04BE946222D980B00D7A0C7 /* GoogleService-Info.plist in Resources */ = {isa = PBXBuildFile; fileRef = D04BE945222D980B00D7A0C7 /* GoogleService-Info.plist */; };
		D052ED91224426090074212C /* FBSDKShareKit.framework in Frameworks */ = {isa = PBXBuildFile; fileRef = D052ED8E224426080074212C /* FBSDKShareKit.framework */; };
		D052ED92224426090074212C /* FBSDKShareKit.framework in Embed Frameworks */ = {isa = PBXBuildFile; fileRef = D052ED8E224426080074212C /* FBSDKShareKit.framework */; settings = {ATTRIBUTES = (CodeSignOnCopy, RemoveHeadersOnCopy, ); }; };
		D052ED93224426090074212C /* FBSDKCoreKit.framework in Frameworks */ = {isa = PBXBuildFile; fileRef = D052ED8F224426080074212C /* FBSDKCoreKit.framework */; };
		D052ED94224426090074212C /* FBSDKCoreKit.framework in Embed Frameworks */ = {isa = PBXBuildFile; fileRef = D052ED8F224426080074212C /* FBSDKCoreKit.framework */; settings = {ATTRIBUTES = (CodeSignOnCopy, RemoveHeadersOnCopy, ); }; };
		D052ED95224426090074212C /* FBSDKLoginKit.framework in Frameworks */ = {isa = PBXBuildFile; fileRef = D052ED90224426080074212C /* FBSDKLoginKit.framework */; };
		D052ED96224426090074212C /* FBSDKLoginKit.framework in Embed Frameworks */ = {isa = PBXBuildFile; fileRef = D052ED90224426080074212C /* FBSDKLoginKit.framework */; settings = {ATTRIBUTES = (CodeSignOnCopy, RemoveHeadersOnCopy, ); }; };
		D074ADB5222DABAA004F9E79 /* GoogleSignIn.framework in Frameworks */ = {isa = PBXBuildFile; fileRef = D074ADB4222DABAA004F9E79 /* GoogleSignIn.framework */; };
		D074ADB6222DABAA004F9E79 /* GoogleSignIn.framework in Embed Frameworks */ = {isa = PBXBuildFile; fileRef = D074ADB4222DABAA004F9E79 /* GoogleSignIn.framework */; settings = {ATTRIBUTES = (CodeSignOnCopy, RemoveHeadersOnCopy, ); }; };
		D09692C92229A33300AA5D0B /* SafariServices.framework in Frameworks */ = {isa = PBXBuildFile; fileRef = D09692C82229A33300AA5D0B /* SafariServices.framework */; };
		D09692CB2229A33B00AA5D0B /* SystemConfiguration.framework in Frameworks */ = {isa = PBXBuildFile; fileRef = D09692CA2229A33B00AA5D0B /* SystemConfiguration.framework */; };
		D0D459852234C1B300367600 /* AWSDynamoDB.framework in Frameworks */ = {isa = PBXBuildFile; fileRef = D0D459812234C1B300367600 /* AWSDynamoDB.framework */; };
		D0D459862234C1B300367600 /* AWSDynamoDB.framework in Embed Frameworks */ = {isa = PBXBuildFile; fileRef = D0D459812234C1B300367600 /* AWSDynamoDB.framework */; settings = {ATTRIBUTES = (CodeSignOnCopy, RemoveHeadersOnCopy, ); }; };
		D0D459882234CCD500367600 /* User.swift in Sources */ = {isa = PBXBuildFile; fileRef = D0D459872234CCD500367600 /* User.swift */; };
		D0EC5598221BBA5A00B99170 /* AppDelegate.swift in Sources */ = {isa = PBXBuildFile; fileRef = D0EC5597221BBA5A00B99170 /* AppDelegate.swift */; };
		D0EC559F221BBA5C00B99170 /* Assets.xcassets in Resources */ = {isa = PBXBuildFile; fileRef = D0EC559E221BBA5C00B99170 /* Assets.xcassets */; };
		D0EC55AB221BBC4E00B99170 /* AWSCore.framework in Frameworks */ = {isa = PBXBuildFile; fileRef = D0EC55AA221BBC4E00B99170 /* AWSCore.framework */; };
		D0EC55AC221BBC4E00B99170 /* AWSCore.framework in Embed Frameworks */ = {isa = PBXBuildFile; fileRef = D0EC55AA221BBC4E00B99170 /* AWSCore.framework */; settings = {ATTRIBUTES = (CodeSignOnCopy, RemoveHeadersOnCopy, ); }; };
		D0EC55AF221BBC6B00B99170 /* AWSCognito.framework in Frameworks */ = {isa = PBXBuildFile; fileRef = D0EC55AE221BBC6B00B99170 /* AWSCognito.framework */; };
		D0EC55B0221BBC6B00B99170 /* AWSCognito.framework in Embed Frameworks */ = {isa = PBXBuildFile; fileRef = D0EC55AE221BBC6B00B99170 /* AWSCognito.framework */; settings = {ATTRIBUTES = (CodeSignOnCopy, RemoveHeadersOnCopy, ); }; };
		D0EC55B8221BC0E400B99170 /* AWSCognitoIdentityProvider.framework in Frameworks */ = {isa = PBXBuildFile; fileRef = D0EC55B7221BC0E400B99170 /* AWSCognitoIdentityProvider.framework */; };
		D0EC55B9221BC0E400B99170 /* AWSCognitoIdentityProvider.framework in Embed Frameworks */ = {isa = PBXBuildFile; fileRef = D0EC55B7221BC0E400B99170 /* AWSCognitoIdentityProvider.framework */; settings = {ATTRIBUTES = (CodeSignOnCopy, RemoveHeadersOnCopy, ); }; };
		D0EC55BB221BC12900B99170 /* AWSCognitoIdentityProviderASF.framework in Frameworks */ = {isa = PBXBuildFile; fileRef = D0EC55BA221BC12900B99170 /* AWSCognitoIdentityProviderASF.framework */; };
		D0EC55BC221BC12900B99170 /* AWSCognitoIdentityProviderASF.framework in Embed Frameworks */ = {isa = PBXBuildFile; fileRef = D0EC55BA221BC12900B99170 /* AWSCognitoIdentityProviderASF.framework */; settings = {ATTRIBUTES = (CodeSignOnCopy, RemoveHeadersOnCopy, ); }; };
		D0EC55C1221BC65400B99170 /* HomeViewController.swift in Sources */ = {isa = PBXBuildFile; fileRef = D0EC55C0221BC65400B99170 /* HomeViewController.swift */; };
		D0EC55CB221BC68100B99170 /* ChatJourney.storyboard in Resources */ = {isa = PBXBuildFile; fileRef = D0EC55C7221BC68100B99170 /* ChatJourney.storyboard */; };
		D0EC55CC221BC68100B99170 /* LaunchScreen.storyboard in Resources */ = {isa = PBXBuildFile; fileRef = D0EC55C8221BC68100B99170 /* LaunchScreen.storyboard */; };
		D0EC55CD221BC68100B99170 /* MainStoryboard.storyboard in Resources */ = {isa = PBXBuildFile; fileRef = D0EC55CA221BC68100B99170 /* MainStoryboard.storyboard */; };
/* End PBXBuildFile section */

/* Begin PBXCopyFilesBuildPhase section */
		D0CCB21A222D9E0A0035E6FB /* Embed PlugIns */ = {
			isa = PBXCopyFilesBuildPhase;
			buildActionMask = 2147483647;
			dstPath = "";
			dstSubfolderSpec = 13;
			files = (
			);
			name = "Embed PlugIns";
			runOnlyForDeploymentPostprocessing = 0;
		};
		D0EC55AD221BBC4E00B99170 /* Embed Frameworks */ = {
			isa = PBXCopyFilesBuildPhase;
			buildActionMask = 2147483647;
			dstPath = "";
			dstSubfolderSpec = 10;
			files = (
				D0EC55BC221BC12900B99170 /* AWSCognitoIdentityProviderASF.framework in Embed Frameworks */,
				D0EC55B0221BBC6B00B99170 /* AWSCognito.framework in Embed Frameworks */,
				D052ED96224426090074212C /* FBSDKLoginKit.framework in Embed Frameworks */,
				D0EC55B9221BC0E400B99170 /* AWSCognitoIdentityProvider.framework in Embed Frameworks */,
				D044144822442EF100164D2D /* AWSS3.framework in Embed Frameworks */,
				D052ED92224426090074212C /* FBSDKShareKit.framework in Embed Frameworks */,
				D0D459862234C1B300367600 /* AWSDynamoDB.framework in Embed Frameworks */,
				D052ED94224426090074212C /* FBSDKCoreKit.framework in Embed Frameworks */,
				D0EC55AC221BBC4E00B99170 /* AWSCore.framework in Embed Frameworks */,
				D074ADB6222DABAA004F9E79 /* GoogleSignIn.framework in Embed Frameworks */,
			);
			name = "Embed Frameworks";
			runOnlyForDeploymentPostprocessing = 0;
		};
/* End PBXCopyFilesBuildPhase section */

/* Begin PBXFileReference section */
		C40FAFA6242FEC6D0084BB16 /* GenericWithImage.swift */ = {isa = PBXFileReference; lastKnownFileType = sourcecode.swift; path = GenericWithImage.swift; sourceTree = "<group>"; };
		C4142A3D242D4C0900FBDB02 /* LoginTextField.swift */ = {isa = PBXFileReference; lastKnownFileType = sourcecode.swift; path = LoginTextField.swift; sourceTree = "<group>"; };
		C457F8E4242C346000E64A12 /* Button.swift */ = {isa = PBXFileReference; lastKnownFileType = sourcecode.swift; path = Button.swift; sourceTree = "<group>"; };
		C49DA891242C76E300DBBD38 /* Rounder.swift */ = {isa = PBXFileReference; lastKnownFileType = sourcecode.swift; path = Rounder.swift; sourceTree = "<group>"; };
		C49DA893242C795700DBBD38 /* UIView.swift */ = {isa = PBXFileReference; lastKnownFileType = sourcecode.swift; path = UIView.swift; sourceTree = "<group>"; };
		C4BEF1A7242C3CD700F79A75 /* CognitoUserPoolViewController.swift */ = {isa = PBXFileReference; fileEncoding = 4; lastKnownFileType = sourcecode.swift; name = CognitoUserPoolViewController.swift; path = AWSClmChatApplication/Services/Auth/CognitoUserPoolViewController.swift; sourceTree = SOURCE_ROOT; };
		C4BEF1A8242C3CD700F79A75 /* SocialIdentityManager.swift */ = {isa = PBXFileReference; fileEncoding = 4; lastKnownFileType = sourcecode.swift; name = SocialIdentityManager.swift; path = AWSClmChatApplication/Services/Auth/SocialIdentityManager.swift; sourceTree = SOURCE_ROOT; };
		C4BEF1A9242C3CD700F79A75 /* CognitoIdentityPoolController.swift */ = {isa = PBXFileReference; fileEncoding = 4; lastKnownFileType = sourcecode.swift; name = CognitoIdentityPoolController.swift; path = AWSClmChatApplication/Services/Auth/CognitoIdentityPoolController.swift; sourceTree = SOURCE_ROOT; };
		C4BEF1AD242C3CF400F79A75 /* DynamoDBController.swift */ = {isa = PBXFileReference; fileEncoding = 4; lastKnownFileType = sourcecode.swift; name = DynamoDBController.swift; path = AWSClmChatApplication/Services/DynamoDB/DynamoDBController.swift; sourceTree = SOURCE_ROOT; };
		C4BEF1AF242C3D2A00F79A75 /* AddFriendViewController.swift */ = {isa = PBXFileReference; fileEncoding = 4; lastKnownFileType = sourcecode.swift; path = AddFriendViewController.swift; sourceTree = "<group>"; };
		C4BEF1B1242C3E3700F79A75 /* SignupViewController.swift */ = {isa = PBXFileReference; fileEncoding = 4; lastKnownFileType = sourcecode.swift; path = SignupViewController.swift; sourceTree = "<group>"; };
		C4BEF1B2242C3E3700F79A75 /* LoginViewController.swift */ = {isa = PBXFileReference; fileEncoding = 4; lastKnownFileType = sourcecode.swift; path = LoginViewController.swift; sourceTree = "<group>"; };
		C4BEF1B5242C3E6C00F79A75 /* UploadImageViewController.swift */ = {isa = PBXFileReference; fileEncoding = 4; lastKnownFileType = sourcecode.swift; path = UploadImageViewController.swift; sourceTree = "<group>"; };
		C4BEF1B7242C3EF100F79A75 /* S3Controller.swift */ = {isa = PBXFileReference; fileEncoding = 4; lastKnownFileType = sourcecode.swift; path = S3Controller.swift; sourceTree = "<group>"; };
		C4F869B6242EA11F00C92634 /* Balloon.swift */ = {isa = PBXFileReference; lastKnownFileType = sourcecode.swift; path = Balloon.swift; sourceTree = "<group>"; };
		C4F869B8242F1AFD00C92634 /* Circle.swift */ = {isa = PBXFileReference; lastKnownFileType = sourcecode.swift; path = Circle.swift; sourceTree = "<group>"; };
		D0199993223573BB00233500 /* Friend.swift */ = {isa = PBXFileReference; lastKnownFileType = sourcecode.swift; path = Friend.swift; sourceTree = "<group>"; };
		D0199998223574DE00233500 /* Chat.swift */ = {isa = PBXFileReference; lastKnownFileType = sourcecode.swift; path = Chat.swift; sourceTree = "<group>"; };
		D019999B2235775400233500 /* Message.swift */ = {isa = PBXFileReference; lastKnownFileType = sourcecode.swift; path = Message.swift; sourceTree = "<group>"; };
		D019999D22357A5D00233500 /* ChatManager.swift */ = {isa = PBXFileReference; lastKnownFileType = sourcecode.swift; path = ChatManager.swift; sourceTree = "<group>"; };
		D0340A06224959C1007D472C /* ChatViewController.swift */ = {isa = PBXFileReference; lastKnownFileType = sourcecode.swift; path = ChatViewController.swift; sourceTree = "<group>"; };
		D03C9F5322499B5200DB4072 /* ReceivedImageTableViewCell.swift */ = {isa = PBXFileReference; fileEncoding = 4; lastKnownFileType = sourcecode.swift; path = ReceivedImageTableViewCell.swift; sourceTree = "<group>"; };
		D03C9F5422499B5200DB4072 /* SentImageTableViewCell.swift */ = {isa = PBXFileReference; fileEncoding = 4; lastKnownFileType = sourcecode.swift; path = SentImageTableViewCell.swift; sourceTree = "<group>"; };
		D03C9F5522499B5300DB4072 /* ReceivedTextTableViewCell.swift */ = {isa = PBXFileReference; fileEncoding = 4; lastKnownFileType = sourcecode.swift; path = ReceivedTextTableViewCell.swift; sourceTree = "<group>"; };
		D03C9F5622499B5400DB4072 /* SentTextTableViewCell.swift */ = {isa = PBXFileReference; fileEncoding = 4; lastKnownFileType = sourcecode.swift; path = SentTextTableViewCell.swift; sourceTree = "<group>"; };
		D0421CFA223CB1CB00A9033E /* FriendTableViewCell.swift */ = {isa = PBXFileReference; lastKnownFileType = sourcecode.swift; path = FriendTableViewCell.swift; sourceTree = "<group>"; };
		D044144622442EF000164D2D /* AWSS3.framework */ = {isa = PBXFileReference; lastKnownFileType = wrapper.framework; name = AWSS3.framework; path = Carthage/Build/iOS/AWSS3.framework; sourceTree = "<group>"; };
		D04639C822206E6B00509CF5 /* ObjCBridging-Header.h */ = {isa = PBXFileReference; lastKnownFileType = sourcecode.c.h; path = "ObjCBridging-Header.h"; sourceTree = "<group>"; };
		D04BE945222D980B00D7A0C7 /* GoogleService-Info.plist */ = {isa = PBXFileReference; fileEncoding = 4; lastKnownFileType = text.plist.xml; path = "GoogleService-Info.plist"; sourceTree = "<group>"; };
		D052ED8E224426080074212C /* FBSDKShareKit.framework */ = {isa = PBXFileReference; lastKnownFileType = wrapper.framework; name = FBSDKShareKit.framework; path = Carthage/Build/iOS/FBSDKShareKit.framework; sourceTree = "<group>"; };
		D052ED8F224426080074212C /* FBSDKCoreKit.framework */ = {isa = PBXFileReference; lastKnownFileType = wrapper.framework; name = FBSDKCoreKit.framework; path = Carthage/Build/iOS/FBSDKCoreKit.framework; sourceTree = "<group>"; };
		D052ED90224426080074212C /* FBSDKLoginKit.framework */ = {isa = PBXFileReference; lastKnownFileType = wrapper.framework; name = FBSDKLoginKit.framework; path = Carthage/Build/iOS/FBSDKLoginKit.framework; sourceTree = "<group>"; };
		D052ED97224426670074212C /* FacebookLogin.framework */ = {isa = PBXFileReference; lastKnownFileType = wrapper.framework; name = FacebookLogin.framework; path = Carthage/Build/iOS/FacebookLogin.framework; sourceTree = "<group>"; };
		D052ED98224426670074212C /* FacebookCore.framework */ = {isa = PBXFileReference; lastKnownFileType = wrapper.framework; name = FacebookCore.framework; path = Carthage/Build/iOS/FacebookCore.framework; sourceTree = "<group>"; };
		D052ED99224426670074212C /* FacebookShare.framework */ = {isa = PBXFileReference; lastKnownFileType = wrapper.framework; name = FacebookShare.framework; path = Carthage/Build/iOS/FacebookShare.framework; sourceTree = "<group>"; };
		D074ADB4222DABAA004F9E79 /* GoogleSignIn.framework */ = {isa = PBXFileReference; lastKnownFileType = wrapper.framework; name = GoogleSignIn.framework; path = Carthage/Build/iOS/GoogleSignIn.framework; sourceTree = "<group>"; };
		D09692C82229A33300AA5D0B /* SafariServices.framework */ = {isa = PBXFileReference; lastKnownFileType = wrapper.framework; name = SafariServices.framework; path = System/Library/Frameworks/SafariServices.framework; sourceTree = SDKROOT; };
		D09692CA2229A33B00AA5D0B /* SystemConfiguration.framework */ = {isa = PBXFileReference; lastKnownFileType = wrapper.framework; name = SystemConfiguration.framework; path = System/Library/Frameworks/SystemConfiguration.framework; sourceTree = SDKROOT; };
		D0D459812234C1B300367600 /* AWSDynamoDB.framework */ = {isa = PBXFileReference; lastKnownFileType = wrapper.framework; name = AWSDynamoDB.framework; path = Carthage/Build/iOS/AWSDynamoDB.framework; sourceTree = "<group>"; };
		D0D459872234CCD500367600 /* User.swift */ = {isa = PBXFileReference; lastKnownFileType = sourcecode.swift; path = User.swift; sourceTree = "<group>"; };
		D0EC5594221BBA5A00B99170 /* AWSClmChatApplication.app */ = {isa = PBXFileReference; explicitFileType = wrapper.application; includeInIndex = 0; path = AWSClmChatApplication.app; sourceTree = BUILT_PRODUCTS_DIR; };
		D0EC5597221BBA5A00B99170 /* AppDelegate.swift */ = {isa = PBXFileReference; lastKnownFileType = sourcecode.swift; path = AppDelegate.swift; sourceTree = "<group>"; };
		D0EC559E221BBA5C00B99170 /* Assets.xcassets */ = {isa = PBXFileReference; lastKnownFileType = folder.assetcatalog; path = Assets.xcassets; sourceTree = "<group>"; };
		D0EC55A3221BBA5C00B99170 /* Info.plist */ = {isa = PBXFileReference; lastKnownFileType = text.plist.xml; path = Info.plist; sourceTree = "<group>"; };
		D0EC55AA221BBC4E00B99170 /* AWSCore.framework */ = {isa = PBXFileReference; lastKnownFileType = wrapper.framework; name = AWSCore.framework; path = Carthage/Build/iOS/AWSCore.framework; sourceTree = "<group>"; };
		D0EC55AE221BBC6B00B99170 /* AWSCognito.framework */ = {isa = PBXFileReference; lastKnownFileType = wrapper.framework; name = AWSCognito.framework; path = Carthage/Build/iOS/AWSCognito.framework; sourceTree = "<group>"; };
		D0EC55B7221BC0E400B99170 /* AWSCognitoIdentityProvider.framework */ = {isa = PBXFileReference; lastKnownFileType = wrapper.framework; name = AWSCognitoIdentityProvider.framework; path = Carthage/Build/iOS/AWSCognitoIdentityProvider.framework; sourceTree = "<group>"; };
		D0EC55BA221BC12900B99170 /* AWSCognitoIdentityProviderASF.framework */ = {isa = PBXFileReference; lastKnownFileType = wrapper.framework; name = AWSCognitoIdentityProviderASF.framework; path = Carthage/Build/iOS/AWSCognitoIdentityProviderASF.framework; sourceTree = "<group>"; };
		D0EC55C0221BC65400B99170 /* HomeViewController.swift */ = {isa = PBXFileReference; fileEncoding = 4; lastKnownFileType = sourcecode.swift; path = HomeViewController.swift; sourceTree = "<group>"; };
		D0EC55C7221BC68100B99170 /* ChatJourney.storyboard */ = {isa = PBXFileReference; fileEncoding = 4; lastKnownFileType = file.storyboard; path = ChatJourney.storyboard; sourceTree = "<group>"; };
		D0EC55C9221BC68100B99170 /* Base */ = {isa = PBXFileReference; lastKnownFileType = file.storyboard; name = Base; path = Base.lproj/LaunchScreen.storyboard; sourceTree = "<group>"; };
		D0EC55CA221BC68100B99170 /* MainStoryboard.storyboard */ = {isa = PBXFileReference; fileEncoding = 4; lastKnownFileType = file.storyboard; path = MainStoryboard.storyboard; sourceTree = "<group>"; };
/* End PBXFileReference section */

/* Begin PBXFrameworksBuildPhase section */
		D0EC5591221BBA5A00B99170 /* Frameworks */ = {
			isa = PBXFrameworksBuildPhase;
			buildActionMask = 2147483647;
			files = (
				D0EC55BB221BC12900B99170 /* AWSCognitoIdentityProviderASF.framework in Frameworks */,
				D0EC55AF221BBC6B00B99170 /* AWSCognito.framework in Frameworks */,
				D0EC55B8221BC0E400B99170 /* AWSCognitoIdentityProvider.framework in Frameworks */,
				D0EC55AB221BBC4E00B99170 /* AWSCore.framework in Frameworks */,
				D0D459852234C1B300367600 /* AWSDynamoDB.framework in Frameworks */,
				D052ED93224426090074212C /* FBSDKCoreKit.framework in Frameworks */,
				D052ED91224426090074212C /* FBSDKShareKit.framework in Frameworks */,
				D09692CB2229A33B00AA5D0B /* SystemConfiguration.framework in Frameworks */,
				D044144722442EF100164D2D /* AWSS3.framework in Frameworks */,
				D052ED95224426090074212C /* FBSDKLoginKit.framework in Frameworks */,
				D09692C92229A33300AA5D0B /* SafariServices.framework in Frameworks */,
				D074ADB5222DABAA004F9E79 /* GoogleSignIn.framework in Frameworks */,
			);
			runOnlyForDeploymentPostprocessing = 0;
		};
/* End PBXFrameworksBuildPhase section */

/* Begin PBXGroup section */
		C4142A3C242D4BB000FBDB02 /* Text Field */ = {
			isa = PBXGroup;
			children = (
				C4142A3D242D4C0900FBDB02 /* LoginTextField.swift */,
				C40FAFA6242FEC6D0084BB16 /* GenericWithImage.swift */,
			);
			path = "Text Field";
			sourceTree = "<group>";
		};
		C457F8E2242C1EC900E64A12 /* Chat Journey */ = {
			isa = PBXGroup;
			children = (
				C457F8ED242C385500E64A12 /* Choose Image */,
				C457F8EC242C384400E64A12 /* AddFriend */,
				C457F8E7242C36C200E64A12 /* Chat */,
			);
			path = "Chat Journey";
			sourceTree = "<group>";
		};
		C457F8E3242C33BF00E64A12 /* Extensions */ = {
			isa = PBXGroup;
			children = (
				C457F8E4242C346000E64A12 /* Button.swift */,
				C49DA893242C795700DBBD38 /* UIView.swift */,
			);
			path = Extensions;
			sourceTree = "<group>";
		};
		C457F8E6242C367700E64A12 /* Home */ = {
			isa = PBXGroup;
			children = (
				D0EC55C0221BC65400B99170 /* HomeViewController.swift */,
			);
			path = Home;
			sourceTree = "<group>";
		};
		C457F8E7242C36C200E64A12 /* Chat */ = {
			isa = PBXGroup;
			children = (
				D0340A06224959C1007D472C /* ChatViewController.swift */,
				D019999D22357A5D00233500 /* ChatManager.swift */,
			);
			path = Chat;
			sourceTree = "<group>";
		};
		C457F8E8242C37AB00E64A12 /* Services */ = {
			isa = PBXGroup;
			children = (
				D044144322442E4600164D2D /* S3 */,
				D05CBF49223C2CDE004D4A5D /* DynamoDB */,
				C457F8E9242C37B400E64A12 /* Auth */,
			);
			path = Services;
			sourceTree = "<group>";
		};
		C457F8E9242C37B400E64A12 /* Auth */ = {
			isa = PBXGroup;
			children = (
				C4BEF1A9242C3CD700F79A75 /* CognitoIdentityPoolController.swift */,
				C4BEF1A7242C3CD700F79A75 /* CognitoUserPoolViewController.swift */,
				C4BEF1A8242C3CD700F79A75 /* SocialIdentityManager.swift */,
			);
			name = Auth;
			path = "../New Group/Auth";
			sourceTree = "<group>";
		};
		C457F8EA242C37CD00E64A12 /* Access Flow */ = {
			isa = PBXGroup;
			children = (
				C4BEF1B2242C3E3700F79A75 /* LoginViewController.swift */,
				C4BEF1B1242C3E3700F79A75 /* SignupViewController.swift */,
			);
			path = "Access Flow";
			sourceTree = "<group>";
		};
		C457F8EB242C382800E64A12 /* View */ = {
			isa = PBXGroup;
			children = (
				C4142A3C242D4BB000FBDB02 /* Text Field */,
				C49DA890242C76C300DBBD38 /* Utils */,
				D03C9F5622499B5400DB4072 /* SentTextTableViewCell.swift */,
				D03C9F5422499B5200DB4072 /* SentImageTableViewCell.swift */,
				D03C9F5522499B5300DB4072 /* ReceivedTextTableViewCell.swift */,
				D03C9F5322499B5200DB4072 /* ReceivedImageTableViewCell.swift */,
				D0421CFA223CB1CB00A9033E /* FriendTableViewCell.swift */,
				C4F869B6242EA11F00C92634 /* Balloon.swift */,
			);
			path = View;
			sourceTree = "<group>";
		};
		C457F8EC242C384400E64A12 /* AddFriend */ = {
			isa = PBXGroup;
			children = (
				C4BEF1AF242C3D2A00F79A75 /* AddFriendViewController.swift */,
			);
			path = AddFriend;
			sourceTree = "<group>";
		};
		C457F8ED242C385500E64A12 /* Choose Image */ = {
			isa = PBXGroup;
			children = (
				C4BEF1B5242C3E6C00F79A75 /* UploadImageViewController.swift */,
			);
			path = "Choose Image";
			sourceTree = "<group>";
		};
		C49DA890242C76C300DBBD38 /* Utils */ = {
			isa = PBXGroup;
			children = (
				C49DA891242C76E300DBBD38 /* Rounder.swift */,
				C4F869B8242F1AFD00C92634 /* Circle.swift */,
			);
			path = Utils;
			sourceTree = "<group>";
		};
		D019999A2235765C00233500 /* Model */ = {
			isa = PBXGroup;
			children = (
				D0D459872234CCD500367600 /* User.swift */,
				D0199993223573BB00233500 /* Friend.swift */,
				D0199998223574DE00233500 /* Chat.swift */,
				D019999B2235775400233500 /* Message.swift */,
			);
			path = Model;
			sourceTree = "<group>";
		};
		D044144322442E4600164D2D /* S3 */ = {
			isa = PBXGroup;
			children = (
				C4BEF1B7242C3EF100F79A75 /* S3Controller.swift */,
			);
			path = S3;
			sourceTree = "<group>";
		};
		D05CBF49223C2CDE004D4A5D /* DynamoDB */ = {
			isa = PBXGroup;
			children = (
				C4BEF1AD242C3CF400F79A75 /* DynamoDBController.swift */,
			);
			name = DynamoDB;
			path = ../Controller/DynamoDB;
			sourceTree = "<group>";
		};
		D0D1FB5122248F4300A05063 /* Frameworks */ = {
			isa = PBXGroup;
			children = (
				D09692CA2229A33B00AA5D0B /* SystemConfiguration.framework */,
				D09692C82229A33300AA5D0B /* SafariServices.framework */,
			);
			name = Frameworks;
			sourceTree = "<group>";
		};
		D0EC558B221BBA5A00B99170 = {
			isa = PBXGroup;
			children = (
				D044144622442EF000164D2D /* AWSS3.framework */,
				D052ED98224426670074212C /* FacebookCore.framework */,
				D052ED97224426670074212C /* FacebookLogin.framework */,
				D052ED99224426670074212C /* FacebookShare.framework */,
				D052ED8F224426080074212C /* FBSDKCoreKit.framework */,
				D052ED90224426080074212C /* FBSDKLoginKit.framework */,
				D052ED8E224426080074212C /* FBSDKShareKit.framework */,
				D074ADB4222DABAA004F9E79 /* GoogleSignIn.framework */,
				D0EC55BA221BC12900B99170 /* AWSCognitoIdentityProviderASF.framework */,
				D0EC55B7221BC0E400B99170 /* AWSCognitoIdentityProvider.framework */,
				D0EC55AE221BBC6B00B99170 /* AWSCognito.framework */,
				D0EC55AA221BBC4E00B99170 /* AWSCore.framework */,
				D0D459812234C1B300367600 /* AWSDynamoDB.framework */,
				D0EC5596221BBA5A00B99170 /* AWSClmChatApplication */,
				D0D1FB5122248F4300A05063 /* Frameworks */,
			);
			sourceTree = "<group>";
		};
		D0EC5595221BBA5A00B99170 /* Products */ = {
			isa = PBXGroup;
			children = (
				D0EC5594221BBA5A00B99170 /* AWSClmChatApplication.app */,
			);
			name = Products;
			path = ../..;
			sourceTree = "<group>";
		};
		D0EC5596221BBA5A00B99170 /* AWSClmChatApplication */ = {
			isa = PBXGroup;
			children = (
				C457F8EB242C382800E64A12 /* View */,
				C457F8E8242C37AB00E64A12 /* Services */,
				D04BE945222D980B00D7A0C7 /* GoogleService-Info.plist */,
				D0EC55D0221BC73200B99170 /* Application Delegate */,
				D0EC55CF221BC6FE00B99170 /* Resources Files */,
				D0EC55CE221BC6D800B99170 /* Supporting Files */,
				C457F8E3242C33BF00E64A12 /* Extensions */,
				D0EC55BD221BC63100B99170 /* Controller */,
				D0EC55C6221BC68100B99170 /* Storyboard */,
				D019999A2235765C00233500 /* Model */,
			);
			path = AWSClmChatApplication;
			sourceTree = "<group>";
		};
		D0EC55BD221BC63100B99170 /* Controller */ = {
			isa = PBXGroup;
			children = (
				C457F8EA242C37CD00E64A12 /* Access Flow */,
				C457F8E6242C367700E64A12 /* Home */,
				C457F8E2242C1EC900E64A12 /* Chat Journey */,
			);
			path = Controller;
			sourceTree = "<group>";
		};
		D0EC55C6221BC68100B99170 /* Storyboard */ = {
			isa = PBXGroup;
			children = (
				D0EC55C7221BC68100B99170 /* ChatJourney.storyboard */,
				D0EC55C8221BC68100B99170 /* LaunchScreen.storyboard */,
				D0EC55CA221BC68100B99170 /* MainStoryboard.storyboard */,
			);
			path = Storyboard;
			sourceTree = "<group>";
		};
		D0EC55CE221BC6D800B99170 /* Supporting Files */ = {
			isa = PBXGroup;
			children = (
				D0EC5595221BBA5A00B99170 /* Products */,
				D04639C822206E6B00509CF5 /* ObjCBridging-Header.h */,
				D0EC55A3221BBA5C00B99170 /* Info.plist */,
			);
			path = "Supporting Files";
			sourceTree = "<group>";
		};
		D0EC55CF221BC6FE00B99170 /* Resources Files */ = {
			isa = PBXGroup;
			children = (
				D0EC559E221BBA5C00B99170 /* Assets.xcassets */,
			);
			path = "Resources Files";
			sourceTree = "<group>";
		};
		D0EC55D0221BC73200B99170 /* Application Delegate */ = {
			isa = PBXGroup;
			children = (
				D0EC5597221BBA5A00B99170 /* AppDelegate.swift */,
			);
			path = "Application Delegate";
			sourceTree = "<group>";
		};
/* End PBXGroup section */

/* Begin PBXNativeTarget section */
		D0EC5593221BBA5A00B99170 /* AWSClmChatApplication */ = {
			isa = PBXNativeTarget;
			buildConfigurationList = D0EC55A6221BBA5C00B99170 /* Build configuration list for PBXNativeTarget "AWSClmChatApplication" */;
			buildPhases = (
				D0EC5590221BBA5A00B99170 /* Sources */,
				D0EC5591221BBA5A00B99170 /* Frameworks */,
				D0EC5592221BBA5A00B99170 /* Resources */,
				D0EC55AD221BBC4E00B99170 /* Embed Frameworks */,
				D0EC55A9221BBBAA00B99170 /* ShellScript */,
				D0CCB21A222D9E0A0035E6FB /* Embed PlugIns */,
			);
			buildRules = (
			);
			dependencies = (
			);
			name = AWSClmChatApplication;
			productName = AWSClmChatApplication;
			productReference = D0EC5594221BBA5A00B99170 /* AWSClmChatApplication.app */;
			productType = "com.apple.product-type.application";
		};
/* End PBXNativeTarget section */

/* Begin PBXProject section */
		D0EC558C221BBA5A00B99170 /* Project object */ = {
			isa = PBXProject;
			attributes = {
				LastSwiftUpdateCheck = 1010;
				LastUpgradeCheck = 1010;
				ORGANIZATIONNAME = "Igor Clemente";
				TargetAttributes = {
					D0EC5593221BBA5A00B99170 = {
						CreatedOnToolsVersion = 10.1;
					};
				};
			};
			buildConfigurationList = D0EC558F221BBA5A00B99170 /* Build configuration list for PBXProject "AWSClmChatApplication" */;
			compatibilityVersion = "Xcode 9.3";
			developmentRegion = en;
			hasScannedForEncodings = 0;
			knownRegions = (
				en,
				Base,
			);
			mainGroup = D0EC558B221BBA5A00B99170;
			productRefGroup = D0EC5595221BBA5A00B99170 /* Products */;
			projectDirPath = "";
			projectRoot = "";
			targets = (
				D0EC5593221BBA5A00B99170 /* AWSClmChatApplication */,
			);
		};
/* End PBXProject section */

/* Begin PBXResourcesBuildPhase section */
		D0EC5592221BBA5A00B99170 /* Resources */ = {
			isa = PBXResourcesBuildPhase;
			buildActionMask = 2147483647;
			files = (
				D0EC55CD221BC68100B99170 /* MainStoryboard.storyboard in Resources */,
				D0EC55CB221BC68100B99170 /* ChatJourney.storyboard in Resources */,
				D04BE946222D980B00D7A0C7 /* GoogleService-Info.plist in Resources */,
				D0EC559F221BBA5C00B99170 /* Assets.xcassets in Resources */,
				D0EC55CC221BC68100B99170 /* LaunchScreen.storyboard in Resources */,
			);
			runOnlyForDeploymentPostprocessing = 0;
		};
/* End PBXResourcesBuildPhase section */

/* Begin PBXShellScriptBuildPhase section */
		D0EC55A9221BBBAA00B99170 /* ShellScript */ = {
			isa = PBXShellScriptBuildPhase;
			buildActionMask = 2147483647;
			files = (
			);
			inputFileListPaths = (
			);
			inputPaths = (
			);
			outputFileListPaths = (
			);
			outputPaths = (
			);
			runOnlyForDeploymentPostprocessing = 0;
			shellPath = /bin/sh;
			shellScript = "# Type a script or drag a script file from your workspace to insert its path.\nbash \"${BUILT_PRODUCTS_DIR}/${FRAMEWORKS_FOLDER_PATH}/AWSCore.framework/strip-frameworks.sh\"\n";
		};
/* End PBXShellScriptBuildPhase section */

/* Begin PBXSourcesBuildPhase section */
		D0EC5590221BBA5A00B99170 /* Sources */ = {
			isa = PBXSourcesBuildPhase;
			buildActionMask = 2147483647;
			files = (
				C457F8E5242C346000E64A12 /* Button.swift in Sources */,
				D03C9F5822499B5400DB4072 /* SentImageTableViewCell.swift in Sources */,
				C4BEF1B3242C3E3700F79A75 /* SignupViewController.swift in Sources */,
				C40FAFA7242FEC6D0084BB16 /* GenericWithImage.swift in Sources */,
				C4142A3E242D4C0900FBDB02 /* LoginTextField.swift in Sources */,
				C4BEF1B4242C3E3700F79A75 /* LoginViewController.swift in Sources */,
				D019999E22357A5D00233500 /* ChatManager.swift in Sources */,
				D0199999223574DE00233500 /* Chat.swift in Sources */,
				D03C9F5922499B5400DB4072 /* ReceivedTextTableViewCell.swift in Sources */,
				C49DA892242C76E300DBBD38 /* Rounder.swift in Sources */,
				C4BEF1AC242C3CD700F79A75 /* CognitoIdentityPoolController.swift in Sources */,
				D03C9F5722499B5400DB4072 /* ReceivedImageTableViewCell.swift in Sources */,
				C4BEF1B0242C3D2A00F79A75 /* AddFriendViewController.swift in Sources */,
				C4BEF1AA242C3CD700F79A75 /* CognitoUserPoolViewController.swift in Sources */,
				C4F869B7242EA11F00C92634 /* Balloon.swift in Sources */,
				C4BEF1B6242C3E6C00F79A75 /* UploadImageViewController.swift in Sources */,
				D0EC5598221BBA5A00B99170 /* AppDelegate.swift in Sources */,
				C4BEF1AB242C3CD700F79A75 /* SocialIdentityManager.swift in Sources */,
				D0D459882234CCD500367600 /* User.swift in Sources */,
				D019999C2235775400233500 /* Message.swift in Sources */,
				D0340A07224959C1007D472C /* ChatViewController.swift in Sources */,
				D03C9F5A22499B5400DB4072 /* SentTextTableViewCell.swift in Sources */,
				C4F869B9242F1AFD00C92634 /* Circle.swift in Sources */,
				D0199994223573BB00233500 /* Friend.swift in Sources */,
				C49DA894242C795700DBBD38 /* UIView.swift in Sources */,
				C4BEF1AE242C3CF400F79A75 /* DynamoDBController.swift in Sources */,
				D0EC55C1221BC65400B99170 /* HomeViewController.swift in Sources */,
				C4BEF1B8242C3EF100F79A75 /* S3Controller.swift in Sources */,
				D0421CFB223CB1CB00A9033E /* FriendTableViewCell.swift in Sources */,
			);
			runOnlyForDeploymentPostprocessing = 0;
		};
/* End PBXSourcesBuildPhase section */

/* Begin PBXVariantGroup section */
		D0EC55C8221BC68100B99170 /* LaunchScreen.storyboard */ = {
			isa = PBXVariantGroup;
			children = (
				D0EC55C9221BC68100B99170 /* Base */,
			);
			name = LaunchScreen.storyboard;
			sourceTree = "<group>";
		};
/* End PBXVariantGroup section */

/* Begin XCBuildConfiguration section */
		D0EC55A4221BBA5C00B99170 /* Debug */ = {
			isa = XCBuildConfiguration;
			buildSettings = {
				ALWAYS_SEARCH_USER_PATHS = NO;
				CLANG_ANALYZER_NONNULL = YES;
				CLANG_ANALYZER_NUMBER_OBJECT_CONVERSION = YES_AGGRESSIVE;
				CLANG_CXX_LANGUAGE_STANDARD = "gnu++14";
				CLANG_CXX_LIBRARY = "libc++";
				CLANG_ENABLE_MODULES = YES;
				CLANG_ENABLE_OBJC_ARC = YES;
				CLANG_ENABLE_OBJC_WEAK = YES;
				CLANG_WARN_BLOCK_CAPTURE_AUTORELEASING = YES;
				CLANG_WARN_BOOL_CONVERSION = YES;
				CLANG_WARN_COMMA = YES;
				CLANG_WARN_CONSTANT_CONVERSION = YES;
				CLANG_WARN_DEPRECATED_OBJC_IMPLEMENTATIONS = YES;
				CLANG_WARN_DIRECT_OBJC_ISA_USAGE = YES_ERROR;
				CLANG_WARN_DOCUMENTATION_COMMENTS = YES;
				CLANG_WARN_EMPTY_BODY = YES;
				CLANG_WARN_ENUM_CONVERSION = YES;
				CLANG_WARN_INFINITE_RECURSION = YES;
				CLANG_WARN_INT_CONVERSION = YES;
				CLANG_WARN_NON_LITERAL_NULL_CONVERSION = YES;
				CLANG_WARN_OBJC_IMPLICIT_RETAIN_SELF = YES;
				CLANG_WARN_OBJC_LITERAL_CONVERSION = YES;
				CLANG_WARN_OBJC_ROOT_CLASS = YES_ERROR;
				CLANG_WARN_RANGE_LOOP_ANALYSIS = YES;
				CLANG_WARN_STRICT_PROTOTYPES = YES;
				CLANG_WARN_SUSPICIOUS_MOVE = YES;
				CLANG_WARN_UNGUARDED_AVAILABILITY = YES_AGGRESSIVE;
				CLANG_WARN_UNREACHABLE_CODE = YES;
				CLANG_WARN__DUPLICATE_METHOD_MATCH = YES;
				CODE_SIGN_IDENTITY = "iPhone Developer";
				COPY_PHASE_STRIP = NO;
				DEBUG_INFORMATION_FORMAT = dwarf;
				ENABLE_BITCODE = NO;
				ENABLE_STRICT_OBJC_MSGSEND = YES;
				ENABLE_TESTABILITY = YES;
				FRAMEWORK_SEARCH_PATHS = "";
				GCC_C_LANGUAGE_STANDARD = gnu11;
				GCC_DYNAMIC_NO_PIC = NO;
				GCC_NO_COMMON_BLOCKS = YES;
				GCC_OPTIMIZATION_LEVEL = 0;
				GCC_PREPROCESSOR_DEFINITIONS = (
					"DEBUG=1",
					"$(inherited)",
				);
				GCC_WARN_64_TO_32_BIT_CONVERSION = YES;
				GCC_WARN_ABOUT_RETURN_TYPE = YES_ERROR;
				GCC_WARN_UNDECLARED_SELECTOR = YES;
				GCC_WARN_UNINITIALIZED_AUTOS = YES_AGGRESSIVE;
				GCC_WARN_UNUSED_FUNCTION = YES;
				GCC_WARN_UNUSED_VARIABLE = YES;
				IPHONEOS_DEPLOYMENT_TARGET = 9.0;
				MTL_ENABLE_DEBUG_INFO = INCLUDE_SOURCE;
				MTL_FAST_MATH = YES;
				ONLY_ACTIVE_ARCH = NO;
				SDKROOT = iphoneos;
				SWIFT_ACTIVE_COMPILATION_CONDITIONS = DEBUG;
				SWIFT_OBJC_BRIDGING_HEADER = "";
				SWIFT_OPTIMIZATION_LEVEL = "-Onone";
				SWIFT_VERSION = "";
			};
			name = Debug;
		};
		D0EC55A5221BBA5C00B99170 /* Release */ = {
			isa = XCBuildConfiguration;
			buildSettings = {
				ALWAYS_SEARCH_USER_PATHS = NO;
				CLANG_ANALYZER_NONNULL = YES;
				CLANG_ANALYZER_NUMBER_OBJECT_CONVERSION = YES_AGGRESSIVE;
				CLANG_CXX_LANGUAGE_STANDARD = "gnu++14";
				CLANG_CXX_LIBRARY = "libc++";
				CLANG_ENABLE_MODULES = YES;
				CLANG_ENABLE_OBJC_ARC = YES;
				CLANG_ENABLE_OBJC_WEAK = YES;
				CLANG_WARN_BLOCK_CAPTURE_AUTORELEASING = YES;
				CLANG_WARN_BOOL_CONVERSION = YES;
				CLANG_WARN_COMMA = YES;
				CLANG_WARN_CONSTANT_CONVERSION = YES;
				CLANG_WARN_DEPRECATED_OBJC_IMPLEMENTATIONS = YES;
				CLANG_WARN_DIRECT_OBJC_ISA_USAGE = YES_ERROR;
				CLANG_WARN_DOCUMENTATION_COMMENTS = YES;
				CLANG_WARN_EMPTY_BODY = YES;
				CLANG_WARN_ENUM_CONVERSION = YES;
				CLANG_WARN_INFINITE_RECURSION = YES;
				CLANG_WARN_INT_CONVERSION = YES;
				CLANG_WARN_NON_LITERAL_NULL_CONVERSION = YES;
				CLANG_WARN_OBJC_IMPLICIT_RETAIN_SELF = YES;
				CLANG_WARN_OBJC_LITERAL_CONVERSION = YES;
				CLANG_WARN_OBJC_ROOT_CLASS = YES_ERROR;
				CLANG_WARN_RANGE_LOOP_ANALYSIS = YES;
				CLANG_WARN_STRICT_PROTOTYPES = YES;
				CLANG_WARN_SUSPICIOUS_MOVE = YES;
				CLANG_WARN_UNGUARDED_AVAILABILITY = YES_AGGRESSIVE;
				CLANG_WARN_UNREACHABLE_CODE = YES;
				CLANG_WARN__DUPLICATE_METHOD_MATCH = YES;
				CODE_SIGN_IDENTITY = "iPhone Developer";
				COPY_PHASE_STRIP = NO;
				DEBUG_INFORMATION_FORMAT = "dwarf-with-dsym";
				ENABLE_BITCODE = NO;
				ENABLE_NS_ASSERTIONS = NO;
				ENABLE_STRICT_OBJC_MSGSEND = YES;
				FRAMEWORK_SEARCH_PATHS = "";
				GCC_C_LANGUAGE_STANDARD = gnu11;
				GCC_NO_COMMON_BLOCKS = YES;
				GCC_WARN_64_TO_32_BIT_CONVERSION = YES;
				GCC_WARN_ABOUT_RETURN_TYPE = YES_ERROR;
				GCC_WARN_UNDECLARED_SELECTOR = YES;
				GCC_WARN_UNINITIALIZED_AUTOS = YES_AGGRESSIVE;
				GCC_WARN_UNUSED_FUNCTION = YES;
				GCC_WARN_UNUSED_VARIABLE = YES;
				IPHONEOS_DEPLOYMENT_TARGET = 9.0;
				MTL_ENABLE_DEBUG_INFO = NO;
				MTL_FAST_MATH = YES;
				ONLY_ACTIVE_ARCH = NO;
				SDKROOT = iphoneos;
				SWIFT_COMPILATION_MODE = wholemodule;
				SWIFT_OBJC_BRIDGING_HEADER = "";
				SWIFT_OPTIMIZATION_LEVEL = "-O";
				SWIFT_VERSION = "";
				VALIDATE_PRODUCT = YES;
			};
			name = Release;
		};
		D0EC55A7221BBA5C00B99170 /* Debug */ = {
			isa = XCBuildConfiguration;
			buildSettings = {
				ASSETCATALOG_COMPILER_APPICON_NAME = AppIcon;
				CODE_SIGN_STYLE = Automatic;
				DEVELOPMENT_TEAM = 3MSY48RE9K;
				ENABLE_BITCODE = NO;
				FRAMEWORK_SEARCH_PATHS = (
					"$(inherited)",
					"$(PROJECT_DIR)/Carthage/Build/iOS",
					"$(PROJECT_DIR)",
					"$(PROJECT_DIR)/google_signin_sdk_4_4_0",
				);
				INFOPLIST_FILE = "$(SRCROOT)/AWSClmChatApplication/Supporting Files/Info.plist";
				IPHONEOS_DEPLOYMENT_TARGET = 12.1;
				LD_RUNPATH_SEARCH_PATHS = (
					"$(inherited)",
					"@executable_path/Frameworks",
				);
				ONLY_ACTIVE_ARCH = NO;
				OTHER_CFLAGS = "";
				OTHER_LDFLAGS = "-ObjC";
				OTHER_LIBTOOLFLAGS = "";
				PRODUCT_BUNDLE_IDENTIFIER = com.clemente.AWSClmChatApplication;
				PRODUCT_NAME = "$(TARGET_NAME)";
				SWIFT_OBJC_BRIDGING_HEADER = "$(SRCROOT)/AWSClmChatApplication/Supporting Files/ObjCBridging-Header.h";
				SWIFT_VERSION = 4.2;
				TARGETED_DEVICE_FAMILY = 1;
			};
			name = Debug;
		};
		D0EC55A8221BBA5C00B99170 /* Release */ = {
			isa = XCBuildConfiguration;
			buildSettings = {
				ASSETCATALOG_COMPILER_APPICON_NAME = AppIcon;
				CODE_SIGN_STYLE = Automatic;
				DEVELOPMENT_TEAM = 3MSY48RE9K;
				ENABLE_BITCODE = NO;
				FRAMEWORK_SEARCH_PATHS = (
					"$(inherited)",
					"$(PROJECT_DIR)/Carthage/Build/iOS",
					"$(PROJECT_DIR)",
					"$(PROJECT_DIR)/google_signin_sdk_4_4_0",
				);
				INFOPLIST_FILE = "$(SRCROOT)/AWSClmChatApplication/Supporting Files/Info.plist";
				IPHONEOS_DEPLOYMENT_TARGET = 12.1;
				"LD_MAP_FILE_PATH[arch=*]" = "$(TARGET_TEMP_DIR)/$(PRODUCT_NAME)-LinkMap-$(CURRENT_VARIANT)-$(CURRENT_ARCH).txt";
				LD_RUNPATH_SEARCH_PATHS = (
					"$(inherited)",
					"@executable_path/Frameworks",
				);
				ONLY_ACTIVE_ARCH = NO;
				OTHER_CFLAGS = "";
				OTHER_LDFLAGS = "-ObjC";
				OTHER_LIBTOOLFLAGS = "";
				PRODUCT_BUNDLE_IDENTIFIER = com.clemente.AWSClmChatApplication;
				PRODUCT_NAME = "$(TARGET_NAME)";
				SWIFT_OBJC_BRIDGING_HEADER = "$(SRCROOT)/AWSClmChatApplication/Supporting Files/ObjCBridging-Header.h";
				SWIFT_VERSION = 4.2;
				TARGETED_DEVICE_FAMILY = 1;
			};
			name = Release;
		};
/* End XCBuildConfiguration section */

/* Begin XCConfigurationList section */
		D0EC558F221BBA5A00B99170 /* Build configuration list for PBXProject "AWSClmChatApplication" */ = {
			isa = XCConfigurationList;
			buildConfigurations = (
				D0EC55A4221BBA5C00B99170 /* Debug */,
				D0EC55A5221BBA5C00B99170 /* Release */,
			);
			defaultConfigurationIsVisible = 0;
			defaultConfigurationName = Release;
		};
		D0EC55A6221BBA5C00B99170 /* Build configuration list for PBXNativeTarget "AWSClmChatApplication" */ = {
			isa = XCConfigurationList;
			buildConfigurations = (
				D0EC55A7221BBA5C00B99170 /* Debug */,
				D0EC55A8221BBA5C00B99170 /* Release */,
			);
			defaultConfigurationIsVisible = 0;
			defaultConfigurationName = Release;
		};
/* End XCConfigurationList section */
	};
	rootObject = D0EC558C221BBA5A00B99170 /* Project object */;
}
